
Microsoft Visual Studio Solution File, Format Version 12.00
# Visual Studio Version 16
VisualStudioVersion = 16.0.31729.503
MinimumVisualStudioVersion = 10.0.40219.1
Project("{FAE04EC0-301F-11D3-BF4B-00C04F79EFBC}") = "Tracksent", "Tracksent.csproj", "{EEBDECB2-3CCB-4911-AF78-5FFCE1C853A8}"
EndProject
Global
	GlobalSection(SolutionConfigurationPlatforms) = preSolution
		Debug|Any CPU = Debug|Any CPU
		Release|Any CPU = Release|Any CPU
	EndGlobalSection
	GlobalSection(ProjectConfigurationPlatforms) = postSolution
		{EEBDECB2-3CCB-4911-AF78-5FFCE1C853A8}.Debug|Any CPU.ActiveCfg = Debug|Any CPU
		{EEBDECB2-3CCB-4911-AF78-5FFCE1C853A8}.Debug|Any CPU.Build.0 = Debug|Any CPU
		{EEBDECB2-3CCB-4911-AF78-5FFCE1C853A8}.Release|Any CPU.ActiveCfg = Release|Any CPU
		{EEBDECB2-3CCB-4911-AF78-5FFCE1C853A8}.Release|Any CPU.Build.0 = Release|Any CPU
	EndGlobalSection
	GlobalSection(SolutionProperties) = preSolution
		HideSolutionNode = FALSE
	EndGlobalSection
	GlobalSection(ExtensibilityGlobals) = postSolution
		SolutionGuid = {696FBC7E-2CB4-4B0A-AAE5-16AB660B233D}
	EndGlobalSection
EndGlobal
